
Microsoft Visual Studio Solution File, Format Version 12.00
# Visual Studio 14
VisualStudioVersion = 14.0.24720.0
MinimumVisualStudioVersion = 10.0.40219.1
Project("{FAE04EC0-301F-11D3-BF4B-00C04F79EFBC}") = "BookLibrary.DataModel", "BookLibrary.DataModel\BookLibrary.DataModel.csproj", "{32D8B7D2-3276-41F6-9877-886C255191EC}"
EndProject
Project("{FAE04EC0-301F-11D3-BF4B-00C04F79EFBC}") = "BookLibrary.WebApp", "BookLibrary.WebApp\BookLibrary.WebApp.csproj", "{86743A15-4DCA-4803-AD4C-98FF8579931A}"
EndProject
Project("{FAE04EC0-301F-11D3-BF4B-00C04F79EFBC}") = "BookLibrary.REST", "BookLibrary.REST\BookLibrary.REST.csproj", "{EC15BBA6-D0CB-4DF7-8149-0EFF67B6D1D4}"
EndProject
Project("{FAE04EC0-301F-11D3-BF4B-00C04F79EFBC}") = "BookLibrary.DomainLogic", "BookLibrary.DomainLogic\BookLibrary.DomainLogic.csproj", "{F7667002-47D7-4A8A-AD0C-B43D4E9A9DE9}"
EndProject
Project("{FAE04EC0-301F-11D3-BF4B-00C04F79EFBC}") = "BookLibrary.DataAccess", "BookLibrary.DataAccess\BookLibrary.DataAccess.csproj", "{0EE19E28-9D12-4232-962F-6A1F40749FDC}"
EndProject
Project("{2150E333-8FDC-42A3-9474-1A3956D46DE8}") = "Database", "Database", "{9C756D21-2AA5-4D1D-99EB-52B46011620C}"
	ProjectSection(SolutionItems) = preProject
		Procedures.sql = Procedures.sql
		Tables.sql = Tables.sql
		TestData.sql = TestData.sql
	EndProjectSection
EndProject
Project("{FAE04EC0-301F-11D3-BF4B-00C04F79EFBC}") = "BookLibrary.WebApp.Tests", "BookLibrary.WebApp.Tests\BookLibrary.WebApp.Tests.csproj", "{8EB024E8-D0C9-40D4-816A-A254D16D9C29}"
EndProject
Global
	GlobalSection(SolutionConfigurationPlatforms) = preSolution
		Debug|Any CPU = Debug|Any CPU
		Release|Any CPU = Release|Any CPU
	EndGlobalSection
	GlobalSection(ProjectConfigurationPlatforms) = postSolution
		{32D8B7D2-3276-41F6-9877-886C255191EC}.Debug|Any CPU.ActiveCfg = Debug|Any CPU
		{32D8B7D2-3276-41F6-9877-886C255191EC}.Debug|Any CPU.Build.0 = Debug|Any CPU
		{32D8B7D2-3276-41F6-9877-886C255191EC}.Release|Any CPU.ActiveCfg = Release|Any CPU
		{32D8B7D2-3276-41F6-9877-886C255191EC}.Release|Any CPU.Build.0 = Release|Any CPU
		{86743A15-4DCA-4803-AD4C-98FF8579931A}.Debug|Any CPU.ActiveCfg = Debug|Any CPU
		{86743A15-4DCA-4803-AD4C-98FF8579931A}.Debug|Any CPU.Build.0 = Debug|Any CPU
		{86743A15-4DCA-4803-AD4C-98FF8579931A}.Release|Any CPU.ActiveCfg = Release|Any CPU
		{86743A15-4DCA-4803-AD4C-98FF8579931A}.Release|Any CPU.Build.0 = Release|Any CPU
		{EC15BBA6-D0CB-4DF7-8149-0EFF67B6D1D4}.Debug|Any CPU.ActiveCfg = Debug|Any CPU
		{EC15BBA6-D0CB-4DF7-8149-0EFF67B6D1D4}.Debug|Any CPU.Build.0 = Debug|Any CPU
		{EC15BBA6-D0CB-4DF7-8149-0EFF67B6D1D4}.Release|Any CPU.ActiveCfg = Release|Any CPU
		{EC15BBA6-D0CB-4DF7-8149-0EFF67B6D1D4}.Release|Any CPU.Build.0 = Release|Any CPU
		{F7667002-47D7-4A8A-AD0C-B43D4E9A9DE9}.Debug|Any CPU.ActiveCfg = Debug|Any CPU
		{F7667002-47D7-4A8A-AD0C-B43D4E9A9DE9}.Debug|Any CPU.Build.0 = Debug|Any CPU
		{F7667002-47D7-4A8A-AD0C-B43D4E9A9DE9}.Release|Any CPU.ActiveCfg = Release|Any CPU
		{F7667002-47D7-4A8A-AD0C-B43D4E9A9DE9}.Release|Any CPU.Build.0 = Release|Any CPU
		{0EE19E28-9D12-4232-962F-6A1F40749FDC}.Debug|Any CPU.ActiveCfg = Debug|Any CPU
		{0EE19E28-9D12-4232-962F-6A1F40749FDC}.Debug|Any CPU.Build.0 = Debug|Any CPU
		{0EE19E28-9D12-4232-962F-6A1F40749FDC}.Release|Any CPU.ActiveCfg = Release|Any CPU
		{0EE19E28-9D12-4232-962F-6A1F40749FDC}.Release|Any CPU.Build.0 = Release|Any CPU
		{8EB024E8-D0C9-40D4-816A-A254D16D9C29}.Debug|Any CPU.ActiveCfg = Debug|Any CPU
		{8EB024E8-D0C9-40D4-816A-A254D16D9C29}.Debug|Any CPU.Build.0 = Debug|Any CPU
		{8EB024E8-D0C9-40D4-816A-A254D16D9C29}.Release|Any CPU.ActiveCfg = Release|Any CPU
		{8EB024E8-D0C9-40D4-816A-A254D16D9C29}.Release|Any CPU.Build.0 = Release|Any CPU
	EndGlobalSection
	GlobalSection(SolutionProperties) = preSolution
		HideSolutionNode = FALSE
	EndGlobalSection
EndGlobal
