
Microsoft Visual Studio Solution File, Format Version 12.00
# Visual Studio 14
VisualStudioVersion = 14.0.24720.0
MinimumVisualStudioVersion = 10.0.40219.1
Project("{FAE04EC0-301F-11D3-BF4B-00C04F79EFBC}") = "BookLibrary.DataModel", "BookLibrary.DataModel\BookLibrary.DataModel.csproj", "{32D8B7D2-3276-41F6-9877-886C255191EC}"
EndProject
Project("{FAE04EC0-301F-11D3-BF4B-00C04F79EFBC}") = "BookLibrary.WebApp", "BookLibrary.WebApp\BookLibrary.WebApp.csproj", "{86743A15-4DCA-4803-AD4C-98FF8579931A}"
EndProject
Project("{FAE04EC0-301F-11D3-BF4B-00C04F79EFBC}") = "BookLibrary.REST", "BookLibrary.REST\BookLibrary.REST.csproj", "{EC15BBA6-D0CB-4DF7-8149-0EFF67B6D1D4}"
EndProject
Project("{FAE04EC0-301F-11D3-BF4B-00C04F79EFBC}") = "BookLibrary.DomainLogic", "BookLibrary.DomainLogic\BookLibrary.DomainLogic.csproj", "{F7667002-47D7-4A8A-AD0C-B43D4E9A9DE9}"
EndProject
Project("{FAE04EC0-301F-11D3-BF4B-00C04F79EFBC}") = "BookLibrary.DataAccess", "BookLibrary.DataAccess\BookLibrary.DataAccess.csproj", "{0EE19E28-9D12-4232-962F-6A1F40749FDC}"
EndProject
Project("{2150E333-8FDC-42A3-9474-1A3956D46DE8}") = "Database", "Database", "{9C756D21-2AA5-4D1D-99EB-52B46011620C}"
	ProjectSection(SolutionItems) = preProject
		Procedures.sql = Procedures.sql
		Tables.sql = Tables.sql
		TestData.sql = TestData.sql
	EndProjectSection
EndProject
Project("{FAE04EC0-301F-11D3-BF4B-00C04F79EFBC}") = "BookLibrary.WebApp.Tests", "BookLibrary.WebApp.Tests\BookLibrary.WebApp.Tests.csproj", "{8EB024E8-D0C9-40D4-816A-A254D16D9C29}"
EndProject
Project("{262852C6-CD72-467D-83FE-5EEB1973A190}") = "BookLibrary.App", "BookLibrary.App\BookLibrary.App.jsproj", "{37E755E3-1099-44FC-9A70-DB47972E146F}"
EndProject
Global
	GlobalSection(SolutionConfigurationPlatforms) = preSolution
		Debug|Android = Debug|Android
		Debug|Any CPU = Debug|Any CPU
		Debug|iOS = Debug|iOS
		Debug|Windows Phone (Universal) = Debug|Windows Phone (Universal)
		Debug|Windows Phone 8 = Debug|Windows Phone 8
		Debug|Windows-AnyCPU = Debug|Windows-AnyCPU
		Debug|Windows-ARM = Debug|Windows-ARM
		Debug|Windows-x64 = Debug|Windows-x64
		Debug|Windows-x86 = Debug|Windows-x86
		Release|Android = Release|Android
		Release|Any CPU = Release|Any CPU
		Release|iOS = Release|iOS
		Release|Windows Phone (Universal) = Release|Windows Phone (Universal)
		Release|Windows Phone 8 = Release|Windows Phone 8
		Release|Windows-AnyCPU = Release|Windows-AnyCPU
		Release|Windows-ARM = Release|Windows-ARM
		Release|Windows-x64 = Release|Windows-x64
		Release|Windows-x86 = Release|Windows-x86
	EndGlobalSection
	GlobalSection(ProjectConfigurationPlatforms) = postSolution
		{32D8B7D2-3276-41F6-9877-886C255191EC}.Debug|Android.ActiveCfg = Debug|Any CPU
		{32D8B7D2-3276-41F6-9877-886C255191EC}.Debug|Android.Build.0 = Debug|Any CPU
		{32D8B7D2-3276-41F6-9877-886C255191EC}.Debug|Any CPU.ActiveCfg = Debug|Any CPU
		{32D8B7D2-3276-41F6-9877-886C255191EC}.Debug|Any CPU.Build.0 = Debug|Any CPU
		{32D8B7D2-3276-41F6-9877-886C255191EC}.Debug|iOS.ActiveCfg = Debug|Any CPU
		{32D8B7D2-3276-41F6-9877-886C255191EC}.Debug|iOS.Build.0 = Debug|Any CPU
		{32D8B7D2-3276-41F6-9877-886C255191EC}.Debug|Windows Phone (Universal).ActiveCfg = Debug|Any CPU
		{32D8B7D2-3276-41F6-9877-886C255191EC}.Debug|Windows Phone (Universal).Build.0 = Debug|Any CPU
		{32D8B7D2-3276-41F6-9877-886C255191EC}.Debug|Windows Phone 8.ActiveCfg = Debug|Any CPU
		{32D8B7D2-3276-41F6-9877-886C255191EC}.Debug|Windows Phone 8.Build.0 = Debug|Any CPU
		{32D8B7D2-3276-41F6-9877-886C255191EC}.Debug|Windows-AnyCPU.ActiveCfg = Debug|Any CPU
		{32D8B7D2-3276-41F6-9877-886C255191EC}.Debug|Windows-AnyCPU.Build.0 = Debug|Any CPU
		{32D8B7D2-3276-41F6-9877-886C255191EC}.Debug|Windows-ARM.ActiveCfg = Debug|Any CPU
		{32D8B7D2-3276-41F6-9877-886C255191EC}.Debug|Windows-ARM.Build.0 = Debug|Any CPU
		{32D8B7D2-3276-41F6-9877-886C255191EC}.Debug|Windows-x64.ActiveCfg = Debug|Any CPU
		{32D8B7D2-3276-41F6-9877-886C255191EC}.Debug|Windows-x64.Build.0 = Debug|Any CPU
		{32D8B7D2-3276-41F6-9877-886C255191EC}.Debug|Windows-x86.ActiveCfg = Debug|Any CPU
		{32D8B7D2-3276-41F6-9877-886C255191EC}.Debug|Windows-x86.Build.0 = Debug|Any CPU
		{32D8B7D2-3276-41F6-9877-886C255191EC}.Release|Android.ActiveCfg = Release|Any CPU
		{32D8B7D2-3276-41F6-9877-886C255191EC}.Release|Android.Build.0 = Release|Any CPU
		{32D8B7D2-3276-41F6-9877-886C255191EC}.Release|Any CPU.ActiveCfg = Release|Any CPU
		{32D8B7D2-3276-41F6-9877-886C255191EC}.Release|Any CPU.Build.0 = Release|Any CPU
		{32D8B7D2-3276-41F6-9877-886C255191EC}.Release|iOS.ActiveCfg = Release|Any CPU
		{32D8B7D2-3276-41F6-9877-886C255191EC}.Release|iOS.Build.0 = Release|Any CPU
		{32D8B7D2-3276-41F6-9877-886C255191EC}.Release|Windows Phone (Universal).ActiveCfg = Release|Any CPU
		{32D8B7D2-3276-41F6-9877-886C255191EC}.Release|Windows Phone (Universal).Build.0 = Release|Any CPU
		{32D8B7D2-3276-41F6-9877-886C255191EC}.Release|Windows Phone 8.ActiveCfg = Release|Any CPU
		{32D8B7D2-3276-41F6-9877-886C255191EC}.Release|Windows Phone 8.Build.0 = Release|Any CPU
		{32D8B7D2-3276-41F6-9877-886C255191EC}.Release|Windows-AnyCPU.ActiveCfg = Release|Any CPU
		{32D8B7D2-3276-41F6-9877-886C255191EC}.Release|Windows-AnyCPU.Build.0 = Release|Any CPU
		{32D8B7D2-3276-41F6-9877-886C255191EC}.Release|Windows-ARM.ActiveCfg = Release|Any CPU
		{32D8B7D2-3276-41F6-9877-886C255191EC}.Release|Windows-ARM.Build.0 = Release|Any CPU
		{32D8B7D2-3276-41F6-9877-886C255191EC}.Release|Windows-x64.ActiveCfg = Release|Any CPU
		{32D8B7D2-3276-41F6-9877-886C255191EC}.Release|Windows-x64.Build.0 = Release|Any CPU
		{32D8B7D2-3276-41F6-9877-886C255191EC}.Release|Windows-x86.ActiveCfg = Release|Any CPU
		{32D8B7D2-3276-41F6-9877-886C255191EC}.Release|Windows-x86.Build.0 = Release|Any CPU
		{86743A15-4DCA-4803-AD4C-98FF8579931A}.Debug|Android.ActiveCfg = Debug|Any CPU
		{86743A15-4DCA-4803-AD4C-98FF8579931A}.Debug|Android.Build.0 = Debug|Any CPU
		{86743A15-4DCA-4803-AD4C-98FF8579931A}.Debug|Any CPU.ActiveCfg = Debug|Any CPU
		{86743A15-4DCA-4803-AD4C-98FF8579931A}.Debug|Any CPU.Build.0 = Debug|Any CPU
		{86743A15-4DCA-4803-AD4C-98FF8579931A}.Debug|iOS.ActiveCfg = Debug|Any CPU
		{86743A15-4DCA-4803-AD4C-98FF8579931A}.Debug|iOS.Build.0 = Debug|Any CPU
		{86743A15-4DCA-4803-AD4C-98FF8579931A}.Debug|Windows Phone (Universal).ActiveCfg = Debug|Any CPU
		{86743A15-4DCA-4803-AD4C-98FF8579931A}.Debug|Windows Phone (Universal).Build.0 = Debug|Any CPU
		{86743A15-4DCA-4803-AD4C-98FF8579931A}.Debug|Windows Phone 8.ActiveCfg = Debug|Any CPU
		{86743A15-4DCA-4803-AD4C-98FF8579931A}.Debug|Windows Phone 8.Build.0 = Debug|Any CPU
		{86743A15-4DCA-4803-AD4C-98FF8579931A}.Debug|Windows-AnyCPU.ActiveCfg = Debug|Any CPU
		{86743A15-4DCA-4803-AD4C-98FF8579931A}.Debug|Windows-AnyCPU.Build.0 = Debug|Any CPU
		{86743A15-4DCA-4803-AD4C-98FF8579931A}.Debug|Windows-ARM.ActiveCfg = Debug|Any CPU
		{86743A15-4DCA-4803-AD4C-98FF8579931A}.Debug|Windows-ARM.Build.0 = Debug|Any CPU
		{86743A15-4DCA-4803-AD4C-98FF8579931A}.Debug|Windows-x64.ActiveCfg = Debug|Any CPU
		{86743A15-4DCA-4803-AD4C-98FF8579931A}.Debug|Windows-x64.Build.0 = Debug|Any CPU
		{86743A15-4DCA-4803-AD4C-98FF8579931A}.Debug|Windows-x86.ActiveCfg = Debug|Any CPU
		{86743A15-4DCA-4803-AD4C-98FF8579931A}.Debug|Windows-x86.Build.0 = Debug|Any CPU
		{86743A15-4DCA-4803-AD4C-98FF8579931A}.Release|Android.ActiveCfg = Release|Any CPU
		{86743A15-4DCA-4803-AD4C-98FF8579931A}.Release|Android.Build.0 = Release|Any CPU
		{86743A15-4DCA-4803-AD4C-98FF8579931A}.Release|Any CPU.ActiveCfg = Release|Any CPU
		{86743A15-4DCA-4803-AD4C-98FF8579931A}.Release|Any CPU.Build.0 = Release|Any CPU
		{86743A15-4DCA-4803-AD4C-98FF8579931A}.Release|iOS.ActiveCfg = Release|Any CPU
		{86743A15-4DCA-4803-AD4C-98FF8579931A}.Release|iOS.Build.0 = Release|Any CPU
		{86743A15-4DCA-4803-AD4C-98FF8579931A}.Release|Windows Phone (Universal).ActiveCfg = Release|Any CPU
		{86743A15-4DCA-4803-AD4C-98FF8579931A}.Release|Windows Phone (Universal).Build.0 = Release|Any CPU
		{86743A15-4DCA-4803-AD4C-98FF8579931A}.Release|Windows Phone 8.ActiveCfg = Release|Any CPU
		{86743A15-4DCA-4803-AD4C-98FF8579931A}.Release|Windows Phone 8.Build.0 = Release|Any CPU
		{86743A15-4DCA-4803-AD4C-98FF8579931A}.Release|Windows-AnyCPU.ActiveCfg = Release|Any CPU
		{86743A15-4DCA-4803-AD4C-98FF8579931A}.Release|Windows-AnyCPU.Build.0 = Release|Any CPU
		{86743A15-4DCA-4803-AD4C-98FF8579931A}.Release|Windows-ARM.ActiveCfg = Release|Any CPU
		{86743A15-4DCA-4803-AD4C-98FF8579931A}.Release|Windows-ARM.Build.0 = Release|Any CPU
		{86743A15-4DCA-4803-AD4C-98FF8579931A}.Release|Windows-x64.ActiveCfg = Release|Any CPU
		{86743A15-4DCA-4803-AD4C-98FF8579931A}.Release|Windows-x64.Build.0 = Release|Any CPU
		{86743A15-4DCA-4803-AD4C-98FF8579931A}.Release|Windows-x86.ActiveCfg = Release|Any CPU
		{86743A15-4DCA-4803-AD4C-98FF8579931A}.Release|Windows-x86.Build.0 = Release|Any CPU
		{EC15BBA6-D0CB-4DF7-8149-0EFF67B6D1D4}.Debug|Android.ActiveCfg = Debug|Any CPU
		{EC15BBA6-D0CB-4DF7-8149-0EFF67B6D1D4}.Debug|Android.Build.0 = Debug|Any CPU
		{EC15BBA6-D0CB-4DF7-8149-0EFF67B6D1D4}.Debug|Any CPU.ActiveCfg = Debug|Any CPU
		{EC15BBA6-D0CB-4DF7-8149-0EFF67B6D1D4}.Debug|Any CPU.Build.0 = Debug|Any CPU
		{EC15BBA6-D0CB-4DF7-8149-0EFF67B6D1D4}.Debug|iOS.ActiveCfg = Debug|Any CPU
		{EC15BBA6-D0CB-4DF7-8149-0EFF67B6D1D4}.Debug|iOS.Build.0 = Debug|Any CPU
		{EC15BBA6-D0CB-4DF7-8149-0EFF67B6D1D4}.Debug|Windows Phone (Universal).ActiveCfg = Debug|Any CPU
		{EC15BBA6-D0CB-4DF7-8149-0EFF67B6D1D4}.Debug|Windows Phone (Universal).Build.0 = Debug|Any CPU
		{EC15BBA6-D0CB-4DF7-8149-0EFF67B6D1D4}.Debug|Windows Phone 8.ActiveCfg = Debug|Any CPU
		{EC15BBA6-D0CB-4DF7-8149-0EFF67B6D1D4}.Debug|Windows Phone 8.Build.0 = Debug|Any CPU
		{EC15BBA6-D0CB-4DF7-8149-0EFF67B6D1D4}.Debug|Windows-AnyCPU.ActiveCfg = Debug|Any CPU
		{EC15BBA6-D0CB-4DF7-8149-0EFF67B6D1D4}.Debug|Windows-AnyCPU.Build.0 = Debug|Any CPU
		{EC15BBA6-D0CB-4DF7-8149-0EFF67B6D1D4}.Debug|Windows-ARM.ActiveCfg = Debug|Any CPU
		{EC15BBA6-D0CB-4DF7-8149-0EFF67B6D1D4}.Debug|Windows-ARM.Build.0 = Debug|Any CPU
		{EC15BBA6-D0CB-4DF7-8149-0EFF67B6D1D4}.Debug|Windows-x64.ActiveCfg = Debug|Any CPU
		{EC15BBA6-D0CB-4DF7-8149-0EFF67B6D1D4}.Debug|Windows-x64.Build.0 = Debug|Any CPU
		{EC15BBA6-D0CB-4DF7-8149-0EFF67B6D1D4}.Debug|Windows-x86.ActiveCfg = Debug|Any CPU
		{EC15BBA6-D0CB-4DF7-8149-0EFF67B6D1D4}.Debug|Windows-x86.Build.0 = Debug|Any CPU
		{EC15BBA6-D0CB-4DF7-8149-0EFF67B6D1D4}.Release|Android.ActiveCfg = Release|Any CPU
		{EC15BBA6-D0CB-4DF7-8149-0EFF67B6D1D4}.Release|Android.Build.0 = Release|Any CPU
		{EC15BBA6-D0CB-4DF7-8149-0EFF67B6D1D4}.Release|Any CPU.ActiveCfg = Release|Any CPU
		{EC15BBA6-D0CB-4DF7-8149-0EFF67B6D1D4}.Release|Any CPU.Build.0 = Release|Any CPU
		{EC15BBA6-D0CB-4DF7-8149-0EFF67B6D1D4}.Release|iOS.ActiveCfg = Release|Any CPU
		{EC15BBA6-D0CB-4DF7-8149-0EFF67B6D1D4}.Release|iOS.Build.0 = Release|Any CPU
		{EC15BBA6-D0CB-4DF7-8149-0EFF67B6D1D4}.Release|Windows Phone (Universal).ActiveCfg = Release|Any CPU
		{EC15BBA6-D0CB-4DF7-8149-0EFF67B6D1D4}.Release|Windows Phone (Universal).Build.0 = Release|Any CPU
		{EC15BBA6-D0CB-4DF7-8149-0EFF67B6D1D4}.Release|Windows Phone 8.ActiveCfg = Release|Any CPU
		{EC15BBA6-D0CB-4DF7-8149-0EFF67B6D1D4}.Release|Windows Phone 8.Build.0 = Release|Any CPU
		{EC15BBA6-D0CB-4DF7-8149-0EFF67B6D1D4}.Release|Windows-AnyCPU.ActiveCfg = Release|Any CPU
		{EC15BBA6-D0CB-4DF7-8149-0EFF67B6D1D4}.Release|Windows-AnyCPU.Build.0 = Release|Any CPU
		{EC15BBA6-D0CB-4DF7-8149-0EFF67B6D1D4}.Release|Windows-ARM.ActiveCfg = Release|Any CPU
		{EC15BBA6-D0CB-4DF7-8149-0EFF67B6D1D4}.Release|Windows-ARM.Build.0 = Release|Any CPU
		{EC15BBA6-D0CB-4DF7-8149-0EFF67B6D1D4}.Release|Windows-x64.ActiveCfg = Release|Any CPU
		{EC15BBA6-D0CB-4DF7-8149-0EFF67B6D1D4}.Release|Windows-x64.Build.0 = Release|Any CPU
		{EC15BBA6-D0CB-4DF7-8149-0EFF67B6D1D4}.Release|Windows-x86.ActiveCfg = Release|Any CPU
		{EC15BBA6-D0CB-4DF7-8149-0EFF67B6D1D4}.Release|Windows-x86.Build.0 = Release|Any CPU
		{F7667002-47D7-4A8A-AD0C-B43D4E9A9DE9}.Debug|Android.ActiveCfg = Debug|Any CPU
		{F7667002-47D7-4A8A-AD0C-B43D4E9A9DE9}.Debug|Android.Build.0 = Debug|Any CPU
		{F7667002-47D7-4A8A-AD0C-B43D4E9A9DE9}.Debug|Any CPU.ActiveCfg = Debug|Any CPU
		{F7667002-47D7-4A8A-AD0C-B43D4E9A9DE9}.Debug|Any CPU.Build.0 = Debug|Any CPU
		{F7667002-47D7-4A8A-AD0C-B43D4E9A9DE9}.Debug|iOS.ActiveCfg = Debug|Any CPU
		{F7667002-47D7-4A8A-AD0C-B43D4E9A9DE9}.Debug|iOS.Build.0 = Debug|Any CPU
		{F7667002-47D7-4A8A-AD0C-B43D4E9A9DE9}.Debug|Windows Phone (Universal).ActiveCfg = Debug|Any CPU
		{F7667002-47D7-4A8A-AD0C-B43D4E9A9DE9}.Debug|Windows Phone (Universal).Build.0 = Debug|Any CPU
		{F7667002-47D7-4A8A-AD0C-B43D4E9A9DE9}.Debug|Windows Phone 8.ActiveCfg = Debug|Any CPU
		{F7667002-47D7-4A8A-AD0C-B43D4E9A9DE9}.Debug|Windows Phone 8.Build.0 = Debug|Any CPU
		{F7667002-47D7-4A8A-AD0C-B43D4E9A9DE9}.Debug|Windows-AnyCPU.ActiveCfg = Debug|Any CPU
		{F7667002-47D7-4A8A-AD0C-B43D4E9A9DE9}.Debug|Windows-AnyCPU.Build.0 = Debug|Any CPU
		{F7667002-47D7-4A8A-AD0C-B43D4E9A9DE9}.Debug|Windows-ARM.ActiveCfg = Debug|Any CPU
		{F7667002-47D7-4A8A-AD0C-B43D4E9A9DE9}.Debug|Windows-ARM.Build.0 = Debug|Any CPU
		{F7667002-47D7-4A8A-AD0C-B43D4E9A9DE9}.Debug|Windows-x64.ActiveCfg = Debug|Any CPU
		{F7667002-47D7-4A8A-AD0C-B43D4E9A9DE9}.Debug|Windows-x64.Build.0 = Debug|Any CPU
		{F7667002-47D7-4A8A-AD0C-B43D4E9A9DE9}.Debug|Windows-x86.ActiveCfg = Debug|Any CPU
		{F7667002-47D7-4A8A-AD0C-B43D4E9A9DE9}.Debug|Windows-x86.Build.0 = Debug|Any CPU
		{F7667002-47D7-4A8A-AD0C-B43D4E9A9DE9}.Release|Android.ActiveCfg = Release|Any CPU
		{F7667002-47D7-4A8A-AD0C-B43D4E9A9DE9}.Release|Android.Build.0 = Release|Any CPU
		{F7667002-47D7-4A8A-AD0C-B43D4E9A9DE9}.Release|Any CPU.ActiveCfg = Release|Any CPU
		{F7667002-47D7-4A8A-AD0C-B43D4E9A9DE9}.Release|Any CPU.Build.0 = Release|Any CPU
		{F7667002-47D7-4A8A-AD0C-B43D4E9A9DE9}.Release|iOS.ActiveCfg = Release|Any CPU
		{F7667002-47D7-4A8A-AD0C-B43D4E9A9DE9}.Release|iOS.Build.0 = Release|Any CPU
		{F7667002-47D7-4A8A-AD0C-B43D4E9A9DE9}.Release|Windows Phone (Universal).ActiveCfg = Release|Any CPU
		{F7667002-47D7-4A8A-AD0C-B43D4E9A9DE9}.Release|Windows Phone (Universal).Build.0 = Release|Any CPU
		{F7667002-47D7-4A8A-AD0C-B43D4E9A9DE9}.Release|Windows Phone 8.ActiveCfg = Release|Any CPU
		{F7667002-47D7-4A8A-AD0C-B43D4E9A9DE9}.Release|Windows Phone 8.Build.0 = Release|Any CPU
		{F7667002-47D7-4A8A-AD0C-B43D4E9A9DE9}.Release|Windows-AnyCPU.ActiveCfg = Release|Any CPU
		{F7667002-47D7-4A8A-AD0C-B43D4E9A9DE9}.Release|Windows-AnyCPU.Build.0 = Release|Any CPU
		{F7667002-47D7-4A8A-AD0C-B43D4E9A9DE9}.Release|Windows-ARM.ActiveCfg = Release|Any CPU
		{F7667002-47D7-4A8A-AD0C-B43D4E9A9DE9}.Release|Windows-ARM.Build.0 = Release|Any CPU
		{F7667002-47D7-4A8A-AD0C-B43D4E9A9DE9}.Release|Windows-x64.ActiveCfg = Release|Any CPU
		{F7667002-47D7-4A8A-AD0C-B43D4E9A9DE9}.Release|Windows-x64.Build.0 = Release|Any CPU
		{F7667002-47D7-4A8A-AD0C-B43D4E9A9DE9}.Release|Windows-x86.ActiveCfg = Release|Any CPU
		{F7667002-47D7-4A8A-AD0C-B43D4E9A9DE9}.Release|Windows-x86.Build.0 = Release|Any CPU
		{0EE19E28-9D12-4232-962F-6A1F40749FDC}.Debug|Android.ActiveCfg = Debug|Any CPU
		{0EE19E28-9D12-4232-962F-6A1F40749FDC}.Debug|Android.Build.0 = Debug|Any CPU
		{0EE19E28-9D12-4232-962F-6A1F40749FDC}.Debug|Any CPU.ActiveCfg = Debug|Any CPU
		{0EE19E28-9D12-4232-962F-6A1F40749FDC}.Debug|Any CPU.Build.0 = Debug|Any CPU
		{0EE19E28-9D12-4232-962F-6A1F40749FDC}.Debug|iOS.ActiveCfg = Debug|Any CPU
		{0EE19E28-9D12-4232-962F-6A1F40749FDC}.Debug|iOS.Build.0 = Debug|Any CPU
		{0EE19E28-9D12-4232-962F-6A1F40749FDC}.Debug|Windows Phone (Universal).ActiveCfg = Debug|Any CPU
		{0EE19E28-9D12-4232-962F-6A1F40749FDC}.Debug|Windows Phone (Universal).Build.0 = Debug|Any CPU
		{0EE19E28-9D12-4232-962F-6A1F40749FDC}.Debug|Windows Phone 8.ActiveCfg = Debug|Any CPU
		{0EE19E28-9D12-4232-962F-6A1F40749FDC}.Debug|Windows Phone 8.Build.0 = Debug|Any CPU
		{0EE19E28-9D12-4232-962F-6A1F40749FDC}.Debug|Windows-AnyCPU.ActiveCfg = Debug|Any CPU
		{0EE19E28-9D12-4232-962F-6A1F40749FDC}.Debug|Windows-AnyCPU.Build.0 = Debug|Any CPU
		{0EE19E28-9D12-4232-962F-6A1F40749FDC}.Debug|Windows-ARM.ActiveCfg = Debug|Any CPU
		{0EE19E28-9D12-4232-962F-6A1F40749FDC}.Debug|Windows-ARM.Build.0 = Debug|Any CPU
		{0EE19E28-9D12-4232-962F-6A1F40749FDC}.Debug|Windows-x64.ActiveCfg = Debug|Any CPU
		{0EE19E28-9D12-4232-962F-6A1F40749FDC}.Debug|Windows-x64.Build.0 = Debug|Any CPU
		{0EE19E28-9D12-4232-962F-6A1F40749FDC}.Debug|Windows-x86.ActiveCfg = Debug|Any CPU
		{0EE19E28-9D12-4232-962F-6A1F40749FDC}.Debug|Windows-x86.Build.0 = Debug|Any CPU
		{0EE19E28-9D12-4232-962F-6A1F40749FDC}.Release|Android.ActiveCfg = Release|Any CPU
		{0EE19E28-9D12-4232-962F-6A1F40749FDC}.Release|Android.Build.0 = Release|Any CPU
		{0EE19E28-9D12-4232-962F-6A1F40749FDC}.Release|Any CPU.ActiveCfg = Release|Any CPU
		{0EE19E28-9D12-4232-962F-6A1F40749FDC}.Release|Any CPU.Build.0 = Release|Any CPU
		{0EE19E28-9D12-4232-962F-6A1F40749FDC}.Release|iOS.ActiveCfg = Release|Any CPU
		{0EE19E28-9D12-4232-962F-6A1F40749FDC}.Release|iOS.Build.0 = Release|Any CPU
		{0EE19E28-9D12-4232-962F-6A1F40749FDC}.Release|Windows Phone (Universal).ActiveCfg = Release|Any CPU
		{0EE19E28-9D12-4232-962F-6A1F40749FDC}.Release|Windows Phone (Universal).Build.0 = Release|Any CPU
		{0EE19E28-9D12-4232-962F-6A1F40749FDC}.Release|Windows Phone 8.ActiveCfg = Release|Any CPU
		{0EE19E28-9D12-4232-962F-6A1F40749FDC}.Release|Windows Phone 8.Build.0 = Release|Any CPU
		{0EE19E28-9D12-4232-962F-6A1F40749FDC}.Release|Windows-AnyCPU.ActiveCfg = Release|Any CPU
		{0EE19E28-9D12-4232-962F-6A1F40749FDC}.Release|Windows-AnyCPU.Build.0 = Release|Any CPU
		{0EE19E28-9D12-4232-962F-6A1F40749FDC}.Release|Windows-ARM.ActiveCfg = Release|Any CPU
		{0EE19E28-9D12-4232-962F-6A1F40749FDC}.Release|Windows-ARM.Build.0 = Release|Any CPU
		{0EE19E28-9D12-4232-962F-6A1F40749FDC}.Release|Windows-x64.ActiveCfg = Release|Any CPU
		{0EE19E28-9D12-4232-962F-6A1F40749FDC}.Release|Windows-x64.Build.0 = Release|Any CPU
		{0EE19E28-9D12-4232-962F-6A1F40749FDC}.Release|Windows-x86.ActiveCfg = Release|Any CPU
		{0EE19E28-9D12-4232-962F-6A1F40749FDC}.Release|Windows-x86.Build.0 = Release|Any CPU
		{8EB024E8-D0C9-40D4-816A-A254D16D9C29}.Debug|Android.ActiveCfg = Debug|Any CPU
		{8EB024E8-D0C9-40D4-816A-A254D16D9C29}.Debug|Android.Build.0 = Debug|Any CPU
		{8EB024E8-D0C9-40D4-816A-A254D16D9C29}.Debug|Any CPU.ActiveCfg = Debug|Any CPU
		{8EB024E8-D0C9-40D4-816A-A254D16D9C29}.Debug|Any CPU.Build.0 = Debug|Any CPU
		{8EB024E8-D0C9-40D4-816A-A254D16D9C29}.Debug|iOS.ActiveCfg = Debug|Any CPU
		{8EB024E8-D0C9-40D4-816A-A254D16D9C29}.Debug|iOS.Build.0 = Debug|Any CPU
		{8EB024E8-D0C9-40D4-816A-A254D16D9C29}.Debug|Windows Phone (Universal).ActiveCfg = Debug|Any CPU
		{8EB024E8-D0C9-40D4-816A-A254D16D9C29}.Debug|Windows Phone (Universal).Build.0 = Debug|Any CPU
		{8EB024E8-D0C9-40D4-816A-A254D16D9C29}.Debug|Windows Phone 8.ActiveCfg = Debug|Any CPU
		{8EB024E8-D0C9-40D4-816A-A254D16D9C29}.Debug|Windows Phone 8.Build.0 = Debug|Any CPU
		{8EB024E8-D0C9-40D4-816A-A254D16D9C29}.Debug|Windows-AnyCPU.ActiveCfg = Debug|Any CPU
		{8EB024E8-D0C9-40D4-816A-A254D16D9C29}.Debug|Windows-AnyCPU.Build.0 = Debug|Any CPU
		{8EB024E8-D0C9-40D4-816A-A254D16D9C29}.Debug|Windows-ARM.ActiveCfg = Debug|Any CPU
		{8EB024E8-D0C9-40D4-816A-A254D16D9C29}.Debug|Windows-ARM.Build.0 = Debug|Any CPU
		{8EB024E8-D0C9-40D4-816A-A254D16D9C29}.Debug|Windows-x64.ActiveCfg = Debug|Any CPU
		{8EB024E8-D0C9-40D4-816A-A254D16D9C29}.Debug|Windows-x64.Build.0 = Debug|Any CPU
		{8EB024E8-D0C9-40D4-816A-A254D16D9C29}.Debug|Windows-x86.ActiveCfg = Debug|Any CPU
		{8EB024E8-D0C9-40D4-816A-A254D16D9C29}.Debug|Windows-x86.Build.0 = Debug|Any CPU
		{8EB024E8-D0C9-40D4-816A-A254D16D9C29}.Release|Android.ActiveCfg = Release|Any CPU
		{8EB024E8-D0C9-40D4-816A-A254D16D9C29}.Release|Android.Build.0 = Release|Any CPU
		{8EB024E8-D0C9-40D4-816A-A254D16D9C29}.Release|Any CPU.ActiveCfg = Release|Any CPU
		{8EB024E8-D0C9-40D4-816A-A254D16D9C29}.Release|Any CPU.Build.0 = Release|Any CPU
		{8EB024E8-D0C9-40D4-816A-A254D16D9C29}.Release|iOS.ActiveCfg = Release|Any CPU
		{8EB024E8-D0C9-40D4-816A-A254D16D9C29}.Release|iOS.Build.0 = Release|Any CPU
		{8EB024E8-D0C9-40D4-816A-A254D16D9C29}.Release|Windows Phone (Universal).ActiveCfg = Release|Any CPU
		{8EB024E8-D0C9-40D4-816A-A254D16D9C29}.Release|Windows Phone (Universal).Build.0 = Release|Any CPU
		{8EB024E8-D0C9-40D4-816A-A254D16D9C29}.Release|Windows Phone 8.ActiveCfg = Release|Any CPU
		{8EB024E8-D0C9-40D4-816A-A254D16D9C29}.Release|Windows Phone 8.Build.0 = Release|Any CPU
		{8EB024E8-D0C9-40D4-816A-A254D16D9C29}.Release|Windows-AnyCPU.ActiveCfg = Release|Any CPU
		{8EB024E8-D0C9-40D4-816A-A254D16D9C29}.Release|Windows-AnyCPU.Build.0 = Release|Any CPU
		{8EB024E8-D0C9-40D4-816A-A254D16D9C29}.Release|Windows-ARM.ActiveCfg = Release|Any CPU
		{8EB024E8-D0C9-40D4-816A-A254D16D9C29}.Release|Windows-ARM.Build.0 = Release|Any CPU
		{8EB024E8-D0C9-40D4-816A-A254D16D9C29}.Release|Windows-x64.ActiveCfg = Release|Any CPU
		{8EB024E8-D0C9-40D4-816A-A254D16D9C29}.Release|Windows-x64.Build.0 = Release|Any CPU
		{8EB024E8-D0C9-40D4-816A-A254D16D9C29}.Release|Windows-x86.ActiveCfg = Release|Any CPU
		{8EB024E8-D0C9-40D4-816A-A254D16D9C29}.Release|Windows-x86.Build.0 = Release|Any CPU
		{37E755E3-1099-44FC-9A70-DB47972E146F}.Debug|Android.ActiveCfg = Debug|Android
		{37E755E3-1099-44FC-9A70-DB47972E146F}.Debug|Android.Build.0 = Debug|Android
		{37E755E3-1099-44FC-9A70-DB47972E146F}.Debug|Android.Deploy.0 = Debug|Android
		{37E755E3-1099-44FC-9A70-DB47972E146F}.Debug|Any CPU.ActiveCfg = Debug|Android
		{37E755E3-1099-44FC-9A70-DB47972E146F}.Debug|iOS.ActiveCfg = Debug|iOS
		{37E755E3-1099-44FC-9A70-DB47972E146F}.Debug|iOS.Build.0 = Debug|iOS
		{37E755E3-1099-44FC-9A70-DB47972E146F}.Debug|iOS.Deploy.0 = Debug|iOS
		{37E755E3-1099-44FC-9A70-DB47972E146F}.Debug|Windows Phone (Universal).ActiveCfg = Debug|Windows Phone (Universal)
		{37E755E3-1099-44FC-9A70-DB47972E146F}.Debug|Windows Phone (Universal).Build.0 = Debug|Windows Phone (Universal)
		{37E755E3-1099-44FC-9A70-DB47972E146F}.Debug|Windows Phone (Universal).Deploy.0 = Debug|Windows Phone (Universal)
		{37E755E3-1099-44FC-9A70-DB47972E146F}.Debug|Windows Phone 8.ActiveCfg = Debug|Windows Phone 8
		{37E755E3-1099-44FC-9A70-DB47972E146F}.Debug|Windows Phone 8.Build.0 = Debug|Windows Phone 8
		{37E755E3-1099-44FC-9A70-DB47972E146F}.Debug|Windows Phone 8.Deploy.0 = Debug|Windows Phone 8
		{37E755E3-1099-44FC-9A70-DB47972E146F}.Debug|Windows-AnyCPU.ActiveCfg = Debug|Windows-AnyCPU
		{37E755E3-1099-44FC-9A70-DB47972E146F}.Debug|Windows-AnyCPU.Build.0 = Debug|Windows-AnyCPU
		{37E755E3-1099-44FC-9A70-DB47972E146F}.Debug|Windows-AnyCPU.Deploy.0 = Debug|Windows-AnyCPU
		{37E755E3-1099-44FC-9A70-DB47972E146F}.Debug|Windows-ARM.ActiveCfg = Debug|Windows-ARM
		{37E755E3-1099-44FC-9A70-DB47972E146F}.Debug|Windows-ARM.Build.0 = Debug|Windows-ARM
		{37E755E3-1099-44FC-9A70-DB47972E146F}.Debug|Windows-ARM.Deploy.0 = Debug|Windows-ARM
		{37E755E3-1099-44FC-9A70-DB47972E146F}.Debug|Windows-x64.ActiveCfg = Debug|Windows-x64
		{37E755E3-1099-44FC-9A70-DB47972E146F}.Debug|Windows-x64.Build.0 = Debug|Windows-x64
		{37E755E3-1099-44FC-9A70-DB47972E146F}.Debug|Windows-x64.Deploy.0 = Debug|Windows-x64
		{37E755E3-1099-44FC-9A70-DB47972E146F}.Debug|Windows-x86.ActiveCfg = Debug|Windows-x86
		{37E755E3-1099-44FC-9A70-DB47972E146F}.Debug|Windows-x86.Build.0 = Debug|Windows-x86
		{37E755E3-1099-44FC-9A70-DB47972E146F}.Debug|Windows-x86.Deploy.0 = Debug|Windows-x86
		{37E755E3-1099-44FC-9A70-DB47972E146F}.Release|Android.ActiveCfg = Release|Android
		{37E755E3-1099-44FC-9A70-DB47972E146F}.Release|Android.Build.0 = Release|Android
		{37E755E3-1099-44FC-9A70-DB47972E146F}.Release|Android.Deploy.0 = Release|Android
		{37E755E3-1099-44FC-9A70-DB47972E146F}.Release|Any CPU.ActiveCfg = Release|Android
		{37E755E3-1099-44FC-9A70-DB47972E146F}.Release|iOS.ActiveCfg = Release|iOS
		{37E755E3-1099-44FC-9A70-DB47972E146F}.Release|iOS.Build.0 = Release|iOS
		{37E755E3-1099-44FC-9A70-DB47972E146F}.Release|iOS.Deploy.0 = Release|iOS
		{37E755E3-1099-44FC-9A70-DB47972E146F}.Release|Windows Phone (Universal).ActiveCfg = Release|Windows Phone (Universal)
		{37E755E3-1099-44FC-9A70-DB47972E146F}.Release|Windows Phone (Universal).Build.0 = Release|Windows Phone (Universal)
		{37E755E3-1099-44FC-9A70-DB47972E146F}.Release|Windows Phone (Universal).Deploy.0 = Release|Windows Phone (Universal)
		{37E755E3-1099-44FC-9A70-DB47972E146F}.Release|Windows Phone 8.ActiveCfg = Release|Windows Phone 8
		{37E755E3-1099-44FC-9A70-DB47972E146F}.Release|Windows Phone 8.Build.0 = Release|Windows Phone 8
		{37E755E3-1099-44FC-9A70-DB47972E146F}.Release|Windows Phone 8.Deploy.0 = Release|Windows Phone 8
		{37E755E3-1099-44FC-9A70-DB47972E146F}.Release|Windows-AnyCPU.ActiveCfg = Release|Windows-AnyCPU
		{37E755E3-1099-44FC-9A70-DB47972E146F}.Release|Windows-AnyCPU.Build.0 = Release|Windows-AnyCPU
		{37E755E3-1099-44FC-9A70-DB47972E146F}.Release|Windows-AnyCPU.Deploy.0 = Release|Windows-AnyCPU
		{37E755E3-1099-44FC-9A70-DB47972E146F}.Release|Windows-ARM.ActiveCfg = Release|Windows-ARM
		{37E755E3-1099-44FC-9A70-DB47972E146F}.Release|Windows-ARM.Build.0 = Release|Windows-ARM
		{37E755E3-1099-44FC-9A70-DB47972E146F}.Release|Windows-ARM.Deploy.0 = Release|Windows-ARM
		{37E755E3-1099-44FC-9A70-DB47972E146F}.Release|Windows-x64.ActiveCfg = Release|Windows-x64
		{37E755E3-1099-44FC-9A70-DB47972E146F}.Release|Windows-x64.Build.0 = Release|Windows-x64
		{37E755E3-1099-44FC-9A70-DB47972E146F}.Release|Windows-x64.Deploy.0 = Release|Windows-x64
		{37E755E3-1099-44FC-9A70-DB47972E146F}.Release|Windows-x86.ActiveCfg = Release|Windows-x86
		{37E755E3-1099-44FC-9A70-DB47972E146F}.Release|Windows-x86.Build.0 = Release|Windows-x86
		{37E755E3-1099-44FC-9A70-DB47972E146F}.Release|Windows-x86.Deploy.0 = Release|Windows-x86
	EndGlobalSection
	GlobalSection(SolutionProperties) = preSolution
		HideSolutionNode = FALSE
	EndGlobalSection
EndGlobal
